<?xml version="1.0" encoding="utf-8"?>
<Project ToolsVersion="16.0" xmlns="http://schemas.microsoft.com/developer/msbuild/2003">
  <ItemGroup>
    <ClCompile Include="C:\Users\pop_a\Desktop\worksheet4\hello_cmake\build2\hello.cpp">
      <Filter>Source Files</Filter>
    </ClCompile>
  </ItemGroup>
  <ItemGroup>
    <CustomBuild Include="C:\Users\pop_a\Desktop\worksheet4\hello_cmake\build2\CMakeLists.txt" />
  </ItemGroup>
  <ItemGroup>
    <Filter Include="Source Files">
      <UniqueIdentifier>{F89700D1-E3BB-3760-99CB-81B265DF1936}</UniqueIdentifier>
    </Filter>
  </ItemGroup>
</Project>
