Microsoft Visual Studio Solution File, Format Version 12.00
# Visual Studio 16
Project("{8BC9CEB8-8B4A-11D0-8D11-00A0C91BC942}") = "ALL_BUILD", "ALL_BUILD.vcxproj", "{AEC04559-6E89-3D9C-AB56-283A28FE9CDD}"
	ProjectSection(ProjectDependencies) = postProject
		{A69B17A4-719D-3B65-9DA3-8A19C63AC062} = {A69B17A4-719D-3B65-9DA3-8A19C63AC062}
		{1B7536C3-5D1E-3DA6-8E5C-9496A4B41BEB} = {1B7536C3-5D1E-3DA6-8E5C-9496A4B41BEB}
	EndProjectSection
EndProject
Project("{8BC9CEB8-8B4A-11D0-8D11-00A0C91BC942}") = "ZERO_CHECK", "ZERO_CHECK.vcxproj", "{A69B17A4-719D-3B65-9DA3-8A19C63AC062}"
	ProjectSection(ProjectDependencies) = postProject
	EndProjectSection
EndProject
Project("{8BC9CEB8-8B4A-11D0-8D11-00A0C91BC942}") = "hello", "hello.vcxproj", "{1B7536C3-5D1E-3DA6-8E5C-9496A4B41BEB}"
	ProjectSection(ProjectDependencies) = postProject
		{A69B17A4-719D-3B65-9DA3-8A19C63AC062} = {A69B17A4-719D-3B65-9DA3-8A19C63AC062}
	EndProjectSection
EndProject
Global
	GlobalSection(SolutionConfigurationPlatforms) = preSolution
		Debug|x64 = Debug|x64
		Release|x64 = Release|x64
		MinSizeRel|x64 = MinSizeRel|x64
		RelWithDebInfo|x64 = RelWithDebInfo|x64
	EndGlobalSection
	GlobalSection(ProjectConfigurationPlatforms) = postSolution
		{AEC04559-6E89-3D9C-AB56-283A28FE9CDD}.Debug|x64.ActiveCfg = Debug|x64
		{AEC04559-6E89-3D9C-AB56-283A28FE9CDD}.Release|x64.ActiveCfg = Release|x64
		{AEC04559-6E89-3D9C-AB56-283A28FE9CDD}.MinSizeRel|x64.ActiveCfg = MinSizeRel|x64
		{AEC04559-6E89-3D9C-AB56-283A28FE9CDD}.RelWithDebInfo|x64.ActiveCfg = RelWithDebInfo|x64
		{A69B17A4-719D-3B65-9DA3-8A19C63AC062}.Debug|x64.ActiveCfg = Debug|x64
		{A69B17A4-719D-3B65-9DA3-8A19C63AC062}.Debug|x64.Build.0 = Debug|x64
		{A69B17A4-719D-3B65-9DA3-8A19C63AC062}.Release|x64.ActiveCfg = Release|x64
		{A69B17A4-719D-3B65-9DA3-8A19C63AC062}.Release|x64.Build.0 = Release|x64
		{A69B17A4-719D-3B65-9DA3-8A19C63AC062}.MinSizeRel|x64.ActiveCfg = MinSizeRel|x64
		{A69B17A4-719D-3B65-9DA3-8A19C63AC062}.MinSizeRel|x64.Build.0 = MinSizeRel|x64
		{A69B17A4-719D-3B65-9DA3-8A19C63AC062}.RelWithDebInfo|x64.ActiveCfg = RelWithDebInfo|x64
		{A69B17A4-719D-3B65-9DA3-8A19C63AC062}.RelWithDebInfo|x64.Build.0 = RelWithDebInfo|x64
		{1B7536C3-5D1E-3DA6-8E5C-9496A4B41BEB}.Debug|x64.ActiveCfg = Debug|x64
		{1B7536C3-5D1E-3DA6-8E5C-9496A4B41BEB}.Debug|x64.Build.0 = Debug|x64
		{1B7536C3-5D1E-3DA6-8E5C-9496A4B41BEB}.Release|x64.ActiveCfg = Release|x64
		{1B7536C3-5D1E-3DA6-8E5C-9496A4B41BEB}.Release|x64.Build.0 = Release|x64
		{1B7536C3-5D1E-3DA6-8E5C-9496A4B41BEB}.MinSizeRel|x64.ActiveCfg = MinSizeRel|x64
		{1B7536C3-5D1E-3DA6-8E5C-9496A4B41BEB}.MinSizeRel|x64.Build.0 = MinSizeRel|x64
		{1B7536C3-5D1E-3DA6-8E5C-9496A4B41BEB}.RelWithDebInfo|x64.ActiveCfg = RelWithDebInfo|x64
		{1B7536C3-5D1E-3DA6-8E5C-9496A4B41BEB}.RelWithDebInfo|x64.Build.0 = RelWithDebInfo|x64
	EndGlobalSection
	GlobalSection(ExtensibilityGlobals) = postSolution
		SolutionGuid = {EF3D2DFD-0B33-3BD3-A2EE-EBCCE142830A}
	EndGlobalSection
	GlobalSection(ExtensibilityAddIns) = postSolution
	EndGlobalSection
EndGlobal
