<?xml version="1.0" encoding="utf-8"?>
<Project ToolsVersion="16.0" xmlns="http://schemas.microsoft.com/developer/msbuild/2003">
  <ItemGroup>
    <CustomBuild Include="C:\Users\pop_a\Desktop\worksheet4\hello_cmake\build2\CMakeFiles\de3e1b5ad08403b65be8e4beea6dac22\generate.stamp.rule">
      <Filter>CMake Rules</Filter>
    </CustomBuild>
  </ItemGroup>
  <ItemGroup>
    <Filter Include="CMake Rules">
      <UniqueIdentifier>{97ED5715-BBAE-36D9-9338-B1818FAC1605}</UniqueIdentifier>
    </Filter>
  </ItemGroup>
</Project>
